
Microsoft Visual Studio Solution File, Format Version 12.00
# Visual Studio Version 16
VisualStudioVersion = 16.0.29215.179
MinimumVisualStudioVersion = 10.0.40219.1
Project("{FAE04EC0-301F-11D3-BF4B-00C04F79EFBC}") = "RazorPagesMovie", "RazorPagesMovie.csproj", "{D317895D-159B-43EB-97DD-235662B89665}"
EndProject
Global
	GlobalSection(SolutionConfigurationPlatforms) = preSolution
		Debug|Any CPU = Debug|Any CPU
		Release|Any CPU = Release|Any CPU
	EndGlobalSection
	GlobalSection(ProjectConfigurationPlatforms) = postSolution
		{D317895D-159B-43EB-97DD-235662B89665}.Debug|Any CPU.ActiveCfg = Debug|Any CPU
		{D317895D-159B-43EB-97DD-235662B89665}.Debug|Any CPU.Build.0 = Debug|Any CPU
		{D317895D-159B-43EB-97DD-235662B89665}.Release|Any CPU.ActiveCfg = Release|Any CPU
		{D317895D-159B-43EB-97DD-235662B89665}.Release|Any CPU.Build.0 = Release|Any CPU
	EndGlobalSection
	GlobalSection(SolutionProperties) = preSolution
		HideSolutionNode = FALSE
	EndGlobalSection
	GlobalSection(ExtensibilityGlobals) = postSolution
		SolutionGuid = {18292E7C-50C1-46A2-85DF-EC6301D180EB}
	EndGlobalSection
EndGlobal
